{
  "name": "rate-limited-api",
  "version": "1.0.0",
  "lockfileVersion": 3,
  "requires": true,
  "packages": {
    "": {
      "name": "rate-limited-api",
      "version": "1.0.0",
      "license": "ISC",
      "dependencies": {
        "hono": "^4.2.3"
      }
    },
    "node_modules/hono": {
      "version": "4.2.3",
      "resolved": "https://registry.npmjs.org/hono/-/hono-4.2.3.tgz",
      "integrity": "sha512-yZDnPOp/XzjIB7KUWaOxwLSywnhxMvAKth8hfKhWQiWXeZhBfC6GlFnEst/FOOgn7rSWjShhQPS89PLEuHxq3Q==",
      "engines": {
        "node": ">=16.0.0"
      }
    }
  }
}
